{
    "_readme": [
        "This file locks the dependencies of your project to a known state",
        "Read more about it at http://getcomposer.org/doc/01-basic-usage.md#composer-lock-the-lock-file",
        "This file is @generated automatically"
    ],
    "hash": "b7c29a4b796c5e8db920eefa4c0048cb",
    "packages": [
        {
            "name": "composer/installers",
            "version": "v1.0.18",
            "source": {
                "type": "git",
                "url": "https://github.com/composer/installers.git",
                "reference": "74fb0a7a1a23696d9c8cc2fba5903f6711cdd067"
            },
            "dist": {
                "type": "zip",
                "url": "https://api.github.com/repos/composer/installers/zipball/74fb0a7a1a23696d9c8cc2fba5903f6711cdd067",
                "reference": "74fb0a7a1a23696d9c8cc2fba5903f6711cdd067",
                "shasum": ""
            },
            "replace": {
                "roundcube/plugin-installer": "*",
                "shama/baton": "*"
            },
            "require-dev": {
                "composer/composer": "1.0.*@dev",
                "phpunit/phpunit": "4.1.*"
            },
            "type": "composer-installer",
            "extra": {
                "class": "Composer\\Installers\\Installer",
                "branch-alias": {
                    "dev-master": "1.0-dev"
                }
            },
            "autoload": {
                "psr-0": {
                    "Composer\\Installers\\": "src/"
                }
            },
            "notification-url": "https://packagist.org/downloads/",
            "license": [
                "MIT"
            ],
            "authors": [
                {
                    "name": "Kyle Robinson Young",
                    "email": "kyle@dontkry.com",
                    "homepage": "https://github.com/shama"
                }
            ],
            "description": "A multi-framework Composer library installer",
            "homepage": "http://composer.github.com/installers/",
            "keywords": [
                "Craft",
                "Dolibarr",
                "Hurad",
                "MODX Evo",
                "OXID",
                "WolfCMS",
                "agl",
                "annotatecms",
                "bitrix",
                "cakephp",
                "chef",
                "codeigniter",
                "concrete5",
                "croogo",
                "drupal",
                "elgg",
                "fuelphp",
                "installer",
                "joomla",
                "kohana",
                "laravel",
                "lithium",
                "magento",
                "mako",
                "mediawiki",
                "modulework",
                "moodle",
                "phpbb",
                "piwik",
                "ppi",
                "puppet",
                "roundcube",
                "shopware",
                "silverstripe",
                "symfony",
                "typo3",
                "wordpress",
                "zend",
                "zikula"
            ],
            "time": "2014-08-18 20:00:12"
        },
        {
            "name": "dapphp/securimage",
            "version": "dev-master",
            "source": {
                "type": "git",
                "url": "https://github.com/dapphp/securimage.git",
                "reference": "e309fe87603265d87e4f8078305ea09e8e11a191"
            },
            "dist": {
                "type": "zip",
                "url": "https://api.github.com/repos/dapphp/securimage/zipball/e309fe87603265d87e4f8078305ea09e8e11a191",
                "reference": "e309fe87603265d87e4f8078305ea09e8e11a191",
                "shasum": ""
            },
            "require": {
                "ext-gd": "*",
                "php": ">=5.2.0"
            },
            "type": "library",
            "autoload": {
                "classmap": [
                    "securimage.php"
                ]
            },
            "notification-url": "https://packagist.org/downloads/",
            "license": [
                "BSD"
            ],
            "authors": [
                {
                    "name": "Drew Phillips",
                    "email": "drew@drew-phillips.com"
                }
            ],
            "description": "PHP CAPTCHA Script",
            "homepage": "http://phpcaptcha.org",
            "keywords": [
                "captcha",
                "security"
            ],
            "time": "2014-08-27 15:24:19"
        },
        {
            "name": "fm-labs/cakephp-captcha",
            "version": "dev-master",
            "source": {
                "type": "git",
                "url": "https://github.com/fm-labs/cakephp-captcha.git",
                "reference": "f86cbad439083b35d641a1f26486b40f90e458a9"
            },
            "dist": {
                "type": "zip",
                "url": "https://api.github.com/repos/fm-labs/cakephp-captcha/zipball/f86cbad439083b35d641a1f26486b40f90e458a9",
                "reference": "f86cbad439083b35d641a1f26486b40f90e458a9",
                "shasum": ""
            },
            "require": {
                "composer/installers": "~1.0",
                "dapphp/securimage": "dev-master"
            },
            "type": "cakephp-plugin",
            "extra": {
                "installer-name": "Captcha"
            },
            "notification-url": "https://packagist.org/downloads/",
            "authors": [
                {
                    "name": "Florian Beisskammer",
                    "email": "flowmotionlabs@gmail.com"
                }
            ],
            "description": "CakePHP Captcha Plugin",
            "time": "2014-03-19 21:32:49"
        },
        {
            "name": "mjohnson/transit",
            "version": "1.5.2",
            "source": {
                "type": "git",
                "url": "https://github.com/milesj/transit.git",
                "reference": "b8aabc383036e018bccc885cec8859f129120da1"
            },
            "dist": {
                "type": "zip",
                "url": "https://api.github.com/repos/milesj/transit/zipball/b8aabc383036e018bccc885cec8859f129120da1",
                "reference": "b8aabc383036e018bccc885cec8859f129120da1",
                "shasum": ""
            },
            "require": {
                "ext-curl": "*",
                "ext-fileinfo": "*",
                "ext-mbstring": "*",
                "php": ">=5.3.3"
            },
            "require-dev": {
                "aws/aws-sdk-php": "*",
                "ext-exif": "*",
                "rackspace/php-opencloud": "*"
            },
            "suggest": {
                "aws/aws-sdk-php": "Upload files to Amazon S3 and Glacier",
                "ext-exif": "Extract exif data from images",
                "ext-gd": "Enable the GD library for image transforming",
                "rackspace/php-opencloud": "Upload files to RackSpace OpenCloud"
            },
            "type": "library",
            "autoload": {
                "psr-0": {
                    "Transit": "src/"
                }
            },
            "notification-url": "https://packagist.org/downloads/",
            "license": [
                "MIT"
            ],
            "authors": [
                {
                    "name": "Miles Johnson",
                    "homepage": "http://milesj.me"
                }
            ],
            "description": "A file uploader with support for validation, image transformation and remote transportation.",
            "homepage": "http://milesj.me/code/php/transit",
            "keywords": [
                "application",
                "archive",
                "audio",
                "cloud",
                "cloudfiles",
                "exif",
                "file",
                "glacier",
                "image",
                "importer",
                "opencloud",
                "rackspace",
                "s3",
                "text",
                "transformer",
                "transit",
                "transporter",
                "uploader",
                "validator",
                "video"
            ],
            "time": "2014-08-24 22:50:21"
        },
        {
            "name": "mjohnson/uploader",
            "version": "4.5.4",
            "source": {
                "type": "git",
                "url": "https://github.com/milesj/uploader.git",
                "reference": "8c11938216fef70696bbc9d2a6c1f6b79e8b25a0"
            },
            "dist": {
                "type": "zip",
                "url": "https://api.github.com/repos/milesj/uploader/zipball/8c11938216fef70696bbc9d2a6c1f6b79e8b25a0",
                "reference": "8c11938216fef70696bbc9d2a6c1f6b79e8b25a0",
                "shasum": ""
            },
            "require": {
                "composer/installers": "*",
                "ext-curl": "*",
                "ext-fileinfo": "*",
                "ext-mbstring": "*",
                "mjohnson/transit": "~1.5",
                "php": ">=5.3.3"
            },
            "suggest": {
                "aws/aws-sdk-php": "~2.2",
                "ext-exif": "Extract exif data from images",
                "ext-gd": "Enable the GD library for image transforming"
            },
            "type": "cakephp-plugin",
            "notification-url": "https://packagist.org/downloads/",
            "license": [
                "MIT"
            ],
            "authors": [
                {
                    "name": "Miles Johnson",
                    "homepage": "http://milesj.me"
                }
            ],
            "description": "File uploader and validation plugin for CakePHP.",
            "homepage": "http://milesj.me/code/cakephp/uploader",
            "keywords": [
                "attachment",
                "cakephp",
                "file",
                "plugin",
                "uploader",
                "validation"
            ],
            "time": "2014-05-24 18:54:12"
        }
    ],
    "packages-dev": [

    ],
    "aliases": [

    ],
    "minimum-stability": "stable",
    "stability-flags": {
        "dapphp/securimage": 20,
        "fm-labs/cakephp-captcha": 20
    },
    "prefer-stable": false,
    "platform": [

    ],
    "platform-dev": [

    ]
}
